
Microsoft Visual Studio Solution File, Format Version 12.00
# Visual Studio Version 17
VisualStudioVersion = 17.5.2.0
MinimumVisualStudioVersion = 10.0.40219.1
Project("{2150E333-8FDC-42A3-9474-1A3956D46DE8}") = "SentimentAnalyzer", "SentimentAnalyzer", "{050FCD54-0EE3-B1EF-C5A6-13D39205551F}"
EndProject
Project("{2150E333-8FDC-42A3-9474-1A3956D46DE8}") = "Backend", "Backend", "{41ECB064-B56D-33C3-A1B7-C05F62C5562D}"
EndProject
Project("{FAE04EC0-301F-11D3-BF4B-00C04F79EFBC}") = "SentimentAnalyzer.API", "SentimentAnalyzer\Backend\SentimentAnalyzer.API.csproj", "{5EF943F9-5B1C-9458-B1BF-4676172F7B89}"
EndProject
Project("{2150E333-8FDC-42A3-9474-1A3956D46DE8}") = "Domain", "Domain", "{A7D43298-D587-E78A-422A-387BF74D5FA6}"
EndProject
Project("{FAE04EC0-301F-11D3-BF4B-00C04F79EFBC}") = "SentimentAnalyzer.Domain", "SentimentAnalyzer\Domain\SentimentAnalyzer.Domain.csproj", "{405AECC6-414B-4590-A4E9-90B0A355D0E3}"
EndProject
Project("{2150E333-8FDC-42A3-9474-1A3956D46DE8}") = "Agents", "Agents", "{3DDBFAB9-0171-5F2A-09EB-D3E383D53ADF}"
EndProject
Project("{FAE04EC0-301F-11D3-BF4B-00C04F79EFBC}") = "SentimentAnalyzer.Agents", "SentimentAnalyzer\Agents\SentimentAnalyzer.Agents.csproj", "{BB0CC135-1F06-47D3-A91D-61C2F055DC45}"
EndProject
Project("{2150E333-8FDC-42A3-9474-1A3956D46DE8}") = "Tests", "Tests", "{7156B8E4-F42D-255D-FBC4-F6C997F91279}"
EndProject
Project("{FAE04EC0-301F-11D3-BF4B-00C04F79EFBC}") = "SentimentAnalyzer.Tests", "SentimentAnalyzer\Tests\SentimentAnalyzer.Tests.csproj", "{0B4717FC-5916-4004-BE87-C029A33F4BD0}"
EndProject
Global
	GlobalSection(SolutionConfigurationPlatforms) = preSolution
		Debug|Any CPU = Debug|Any CPU
		Debug|x64 = Debug|x64
		Debug|x86 = Debug|x86
		Release|Any CPU = Release|Any CPU
		Release|x64 = Release|x64
		Release|x86 = Release|x86
	EndGlobalSection
	GlobalSection(ProjectConfigurationPlatforms) = postSolution
		{5EF943F9-5B1C-9458-B1BF-4676172F7B89}.Debug|Any CPU.ActiveCfg = Debug|Any CPU
		{5EF943F9-5B1C-9458-B1BF-4676172F7B89}.Debug|Any CPU.Build.0 = Debug|Any CPU
		{5EF943F9-5B1C-9458-B1BF-4676172F7B89}.Debug|x64.ActiveCfg = Debug|Any CPU
		{5EF943F9-5B1C-9458-B1BF-4676172F7B89}.Debug|x64.Build.0 = Debug|Any CPU
		{5EF943F9-5B1C-9458-B1BF-4676172F7B89}.Debug|x86.ActiveCfg = Debug|Any CPU
		{5EF943F9-5B1C-9458-B1BF-4676172F7B89}.Debug|x86.Build.0 = Debug|Any CPU
		{5EF943F9-5B1C-9458-B1BF-4676172F7B89}.Release|Any CPU.ActiveCfg = Release|Any CPU
		{5EF943F9-5B1C-9458-B1BF-4676172F7B89}.Release|Any CPU.Build.0 = Release|Any CPU
		{5EF943F9-5B1C-9458-B1BF-4676172F7B89}.Release|x64.ActiveCfg = Release|Any CPU
		{5EF943F9-5B1C-9458-B1BF-4676172F7B89}.Release|x64.Build.0 = Release|Any CPU
		{5EF943F9-5B1C-9458-B1BF-4676172F7B89}.Release|x86.ActiveCfg = Release|Any CPU
		{5EF943F9-5B1C-9458-B1BF-4676172F7B89}.Release|x86.Build.0 = Release|Any CPU
		{405AECC6-414B-4590-A4E9-90B0A355D0E3}.Debug|Any CPU.ActiveCfg = Debug|Any CPU
		{405AECC6-414B-4590-A4E9-90B0A355D0E3}.Debug|Any CPU.Build.0 = Debug|Any CPU
		{405AECC6-414B-4590-A4E9-90B0A355D0E3}.Debug|x64.ActiveCfg = Debug|Any CPU
		{405AECC6-414B-4590-A4E9-90B0A355D0E3}.Debug|x64.Build.0 = Debug|Any CPU
		{405AECC6-414B-4590-A4E9-90B0A355D0E3}.Debug|x86.ActiveCfg = Debug|Any CPU
		{405AECC6-414B-4590-A4E9-90B0A355D0E3}.Debug|x86.Build.0 = Debug|Any CPU
		{405AECC6-414B-4590-A4E9-90B0A355D0E3}.Release|Any CPU.ActiveCfg = Release|Any CPU
		{405AECC6-414B-4590-A4E9-90B0A355D0E3}.Release|Any CPU.Build.0 = Release|Any CPU
		{405AECC6-414B-4590-A4E9-90B0A355D0E3}.Release|x64.ActiveCfg = Release|Any CPU
		{405AECC6-414B-4590-A4E9-90B0A355D0E3}.Release|x64.Build.0 = Release|Any CPU
		{405AECC6-414B-4590-A4E9-90B0A355D0E3}.Release|x86.ActiveCfg = Release|Any CPU
		{405AECC6-414B-4590-A4E9-90B0A355D0E3}.Release|x86.Build.0 = Release|Any CPU
		{BB0CC135-1F06-47D3-A91D-61C2F055DC45}.Debug|Any CPU.ActiveCfg = Debug|Any CPU
		{BB0CC135-1F06-47D3-A91D-61C2F055DC45}.Debug|Any CPU.Build.0 = Debug|Any CPU
		{BB0CC135-1F06-47D3-A91D-61C2F055DC45}.Debug|x64.ActiveCfg = Debug|Any CPU
		{BB0CC135-1F06-47D3-A91D-61C2F055DC45}.Debug|x64.Build.0 = Debug|Any CPU
		{BB0CC135-1F06-47D3-A91D-61C2F055DC45}.Debug|x86.ActiveCfg = Debug|Any CPU
		{BB0CC135-1F06-47D3-A91D-61C2F055DC45}.Debug|x86.Build.0 = Debug|Any CPU
		{BB0CC135-1F06-47D3-A91D-61C2F055DC45}.Release|Any CPU.ActiveCfg = Release|Any CPU
		{BB0CC135-1F06-47D3-A91D-61C2F055DC45}.Release|Any CPU.Build.0 = Release|Any CPU
		{BB0CC135-1F06-47D3-A91D-61C2F055DC45}.Release|x64.ActiveCfg = Release|Any CPU
		{BB0CC135-1F06-47D3-A91D-61C2F055DC45}.Release|x64.Build.0 = Release|Any CPU
		{BB0CC135-1F06-47D3-A91D-61C2F055DC45}.Release|x86.ActiveCfg = Release|Any CPU
		{BB0CC135-1F06-47D3-A91D-61C2F055DC45}.Release|x86.Build.0 = Release|Any CPU
		{0B4717FC-5916-4004-BE87-C029A33F4BD0}.Debug|Any CPU.ActiveCfg = Debug|Any CPU
		{0B4717FC-5916-4004-BE87-C029A33F4BD0}.Debug|Any CPU.Build.0 = Debug|Any CPU
		{0B4717FC-5916-4004-BE87-C029A33F4BD0}.Debug|x64.ActiveCfg = Debug|Any CPU
		{0B4717FC-5916-4004-BE87-C029A33F4BD0}.Debug|x64.Build.0 = Debug|Any CPU
		{0B4717FC-5916-4004-BE87-C029A33F4BD0}.Debug|x86.ActiveCfg = Debug|Any CPU
		{0B4717FC-5916-4004-BE87-C029A33F4BD0}.Debug|x86.Build.0 = Debug|Any CPU
		{0B4717FC-5916-4004-BE87-C029A33F4BD0}.Release|Any CPU.ActiveCfg = Release|Any CPU
		{0B4717FC-5916-4004-BE87-C029A33F4BD0}.Release|Any CPU.Build.0 = Release|Any CPU
		{0B4717FC-5916-4004-BE87-C029A33F4BD0}.Release|x64.ActiveCfg = Release|Any CPU
		{0B4717FC-5916-4004-BE87-C029A33F4BD0}.Release|x64.Build.0 = Release|Any CPU
		{0B4717FC-5916-4004-BE87-C029A33F4BD0}.Release|x86.ActiveCfg = Release|Any CPU
		{0B4717FC-5916-4004-BE87-C029A33F4BD0}.Release|x86.Build.0 = Release|Any CPU
	EndGlobalSection
	GlobalSection(SolutionProperties) = preSolution
		HideSolutionNode = FALSE
	EndGlobalSection
	GlobalSection(NestedProjects) = preSolution
		{41ECB064-B56D-33C3-A1B7-C05F62C5562D} = {050FCD54-0EE3-B1EF-C5A6-13D39205551F}
		{5EF943F9-5B1C-9458-B1BF-4676172F7B89} = {41ECB064-B56D-33C3-A1B7-C05F62C5562D}
		{A7D43298-D587-E78A-422A-387BF74D5FA6} = {050FCD54-0EE3-B1EF-C5A6-13D39205551F}
		{405AECC6-414B-4590-A4E9-90B0A355D0E3} = {A7D43298-D587-E78A-422A-387BF74D5FA6}
		{3DDBFAB9-0171-5F2A-09EB-D3E383D53ADF} = {050FCD54-0EE3-B1EF-C5A6-13D39205551F}
		{BB0CC135-1F06-47D3-A91D-61C2F055DC45} = {3DDBFAB9-0171-5F2A-09EB-D3E383D53ADF}
		{7156B8E4-F42D-255D-FBC4-F6C997F91279} = {050FCD54-0EE3-B1EF-C5A6-13D39205551F}
		{0B4717FC-5916-4004-BE87-C029A33F4BD0} = {7156B8E4-F42D-255D-FBC4-F6C997F91279}
	EndGlobalSection
	GlobalSection(ExtensibilityGlobals) = postSolution
		SolutionGuid = {2E8CF11A-4810-46A8-8710-60549A641986}
	EndGlobalSection
EndGlobal
